
Microsoft Visual Studio Solution File, Format Version 12.00
# Visual Studio Version 17
VisualStudioVersion = 17.2.32630.192
MinimumVisualStudioVersion = 10.0.40219.1
Project("{FAE04EC0-301F-11D3-BF4B-00C04F79EFBC}") = "Assignment2", "Assignment2.csproj", "{B35E13F8-12D4-4CB6-8D84-18094EC0E2EA}"
EndProject
Global
	GlobalSection(SolutionConfigurationPlatforms) = preSolution
		Debug|Any CPU = Debug|Any CPU
		Release|Any CPU = Release|Any CPU
	EndGlobalSection
	GlobalSection(ProjectConfigurationPlatforms) = postSolution
		{B35E13F8-12D4-4CB6-8D84-18094EC0E2EA}.Debug|Any CPU.ActiveCfg = Debug|Any CPU
		{B35E13F8-12D4-4CB6-8D84-18094EC0E2EA}.Debug|Any CPU.Build.0 = Debug|Any CPU
		{B35E13F8-12D4-4CB6-8D84-18094EC0E2EA}.Release|Any CPU.ActiveCfg = Release|Any CPU
		{B35E13F8-12D4-4CB6-8D84-18094EC0E2EA}.Release|Any CPU.Build.0 = Release|Any CPU
	EndGlobalSection
	GlobalSection(SolutionProperties) = preSolution
		HideSolutionNode = FALSE
	EndGlobalSection
	GlobalSection(ExtensibilityGlobals) = postSolution
		SolutionGuid = {430F15D7-1DB3-4ABF-8857-4EE987E18AB7}
	EndGlobalSection
EndGlobal
