
Microsoft Visual Studio Solution File, Format Version 12.00
# Visual Studio Version 17
VisualStudioVersion = 17.2.32616.157
MinimumVisualStudioVersion = 10.0.40219.1
Project("{FAE04EC0-301F-11D3-BF4B-00C04F79EFBC}") = "Api2AssignmentLibrary", "Api2AssignmentLibrary\Api2AssignmentLibrary.csproj", "{DA1FF059-C29F-4FF5-8FAA-A74E8531B2AC}"
EndProject
Project("{FAE04EC0-301F-11D3-BF4B-00C04F79EFBC}") = "ControllerFileAssignment2", "ControllerFileAssignment2\ControllerFileAssignment2.csproj", "{0F966377-DFFE-4104-8F95-F7A2AF503C30}"
EndProject
Global
	GlobalSection(SolutionConfigurationPlatforms) = preSolution
		Debug|Any CPU = Debug|Any CPU
		Release|Any CPU = Release|Any CPU
	EndGlobalSection
	GlobalSection(ProjectConfigurationPlatforms) = postSolution
		{DA1FF059-C29F-4FF5-8FAA-A74E8531B2AC}.Debug|Any CPU.ActiveCfg = Debug|Any CPU
		{DA1FF059-C29F-4FF5-8FAA-A74E8531B2AC}.Debug|Any CPU.Build.0 = Debug|Any CPU
		{DA1FF059-C29F-4FF5-8FAA-A74E8531B2AC}.Release|Any CPU.ActiveCfg = Release|Any CPU
		{DA1FF059-C29F-4FF5-8FAA-A74E8531B2AC}.Release|Any CPU.Build.0 = Release|Any CPU
		{0F966377-DFFE-4104-8F95-F7A2AF503C30}.Debug|Any CPU.ActiveCfg = Debug|Any CPU
		{0F966377-DFFE-4104-8F95-F7A2AF503C30}.Debug|Any CPU.Build.0 = Debug|Any CPU
		{0F966377-DFFE-4104-8F95-F7A2AF503C30}.Release|Any CPU.ActiveCfg = Release|Any CPU
		{0F966377-DFFE-4104-8F95-F7A2AF503C30}.Release|Any CPU.Build.0 = Release|Any CPU
	EndGlobalSection
	GlobalSection(SolutionProperties) = preSolution
		HideSolutionNode = FALSE
	EndGlobalSection
	GlobalSection(ExtensibilityGlobals) = postSolution
		SolutionGuid = {5159D487-489F-40ED-833D-4FB63FD2E04A}
	EndGlobalSection
EndGlobal
