
Microsoft Visual Studio Solution File, Format Version 12.00
# Visual Studio Version 17
VisualStudioVersion = 17.2.32616.157
MinimumVisualStudioVersion = 10.0.40219.1
Project("{FAE04EC0-301F-11D3-BF4B-00C04F79EFBC}") = "API_Assignment", "API_Assignment.csproj", "{77EF371F-11A2-4AE1-AF44-2111AB8F75FB}"
EndProject
Global
	GlobalSection(SolutionConfigurationPlatforms) = preSolution
		Debug|Any CPU = Debug|Any CPU
		Release|Any CPU = Release|Any CPU
	EndGlobalSection
	GlobalSection(ProjectConfigurationPlatforms) = postSolution
		{77EF371F-11A2-4AE1-AF44-2111AB8F75FB}.Debug|Any CPU.ActiveCfg = Debug|Any CPU
		{77EF371F-11A2-4AE1-AF44-2111AB8F75FB}.Debug|Any CPU.Build.0 = Debug|Any CPU
		{77EF371F-11A2-4AE1-AF44-2111AB8F75FB}.Release|Any CPU.ActiveCfg = Release|Any CPU
		{77EF371F-11A2-4AE1-AF44-2111AB8F75FB}.Release|Any CPU.Build.0 = Release|Any CPU
	EndGlobalSection
	GlobalSection(SolutionProperties) = preSolution
		HideSolutionNode = FALSE
	EndGlobalSection
	GlobalSection(ExtensibilityGlobals) = postSolution
		SolutionGuid = {D2FCEBCE-1670-4854-8A5F-3FE0856A2928}
	EndGlobalSection
EndGlobal
