
Microsoft Visual Studio Solution File, Format Version 12.00
# Visual Studio Version 17
VisualStudioVersion = 17.2.32630.192
MinimumVisualStudioVersion = 10.0.40219.1
Project("{FAE04EC0-301F-11D3-BF4B-00C04F79EFBC}") = "Collection_Assignment", "Collection_Assignment.csproj", "{47F487A6-3345-4902-A41D-72E4F4D6FE44}"
EndProject
Global
	GlobalSection(SolutionConfigurationPlatforms) = preSolution
		Debug|Any CPU = Debug|Any CPU
		Release|Any CPU = Release|Any CPU
	EndGlobalSection
	GlobalSection(ProjectConfigurationPlatforms) = postSolution
		{47F487A6-3345-4902-A41D-72E4F4D6FE44}.Debug|Any CPU.ActiveCfg = Debug|Any CPU
		{47F487A6-3345-4902-A41D-72E4F4D6FE44}.Debug|Any CPU.Build.0 = Debug|Any CPU
		{47F487A6-3345-4902-A41D-72E4F4D6FE44}.Release|Any CPU.ActiveCfg = Release|Any CPU
		{47F487A6-3345-4902-A41D-72E4F4D6FE44}.Release|Any CPU.Build.0 = Release|Any CPU
	EndGlobalSection
	GlobalSection(SolutionProperties) = preSolution
		HideSolutionNode = FALSE
	EndGlobalSection
	GlobalSection(ExtensibilityGlobals) = postSolution
		SolutionGuid = {F265BF21-C566-45D1-92C3-4BFEB32C34B7}
	EndGlobalSection
EndGlobal
