
Microsoft Visual Studio Solution File, Format Version 12.00
# Visual Studio Version 17
VisualStudioVersion = 17.2.32630.192
MinimumVisualStudioVersion = 10.0.40219.1
Project("{FAE04EC0-301F-11D3-BF4B-00C04F79EFBC}") = "Interface_Assignment", "Interface_Assignment.csproj", "{9A10F36B-818B-42C9-BA6F-4B39E645AD3D}"
EndProject
Global
	GlobalSection(SolutionConfigurationPlatforms) = preSolution
		Debug|Any CPU = Debug|Any CPU
		Release|Any CPU = Release|Any CPU
	EndGlobalSection
	GlobalSection(ProjectConfigurationPlatforms) = postSolution
		{9A10F36B-818B-42C9-BA6F-4B39E645AD3D}.Debug|Any CPU.ActiveCfg = Debug|Any CPU
		{9A10F36B-818B-42C9-BA6F-4B39E645AD3D}.Debug|Any CPU.Build.0 = Debug|Any CPU
		{9A10F36B-818B-42C9-BA6F-4B39E645AD3D}.Release|Any CPU.ActiveCfg = Release|Any CPU
		{9A10F36B-818B-42C9-BA6F-4B39E645AD3D}.Release|Any CPU.Build.0 = Release|Any CPU
	EndGlobalSection
	GlobalSection(SolutionProperties) = preSolution
		HideSolutionNode = FALSE
	EndGlobalSection
	GlobalSection(ExtensibilityGlobals) = postSolution
		SolutionGuid = {6E7B76E8-D6D8-45A4-9660-4037DE21395D}
	EndGlobalSection
EndGlobal
