
Microsoft Visual Studio Solution File, Format Version 12.00
# Visual Studio Version 17
VisualStudioVersion = 17.2.32630.192
MinimumVisualStudioVersion = 10.0.40219.1
Project("{FAE04EC0-301F-11D3-BF4B-00C04F79EFBC}") = "StringAssignment", "StringAssignment.csproj", "{D945CE92-123E-41CB-9B0E-DBCE81955071}"
EndProject
Global
	GlobalSection(SolutionConfigurationPlatforms) = preSolution
		Debug|Any CPU = Debug|Any CPU
		Release|Any CPU = Release|Any CPU
	EndGlobalSection
	GlobalSection(ProjectConfigurationPlatforms) = postSolution
		{D945CE92-123E-41CB-9B0E-DBCE81955071}.Debug|Any CPU.ActiveCfg = Debug|Any CPU
		{D945CE92-123E-41CB-9B0E-DBCE81955071}.Debug|Any CPU.Build.0 = Debug|Any CPU
		{D945CE92-123E-41CB-9B0E-DBCE81955071}.Release|Any CPU.ActiveCfg = Release|Any CPU
		{D945CE92-123E-41CB-9B0E-DBCE81955071}.Release|Any CPU.Build.0 = Release|Any CPU
	EndGlobalSection
	GlobalSection(SolutionProperties) = preSolution
		HideSolutionNode = FALSE
	EndGlobalSection
	GlobalSection(ExtensibilityGlobals) = postSolution
		SolutionGuid = {BF598D9A-FC46-44EE-9487-431699194FBC}
	EndGlobalSection
EndGlobal
