
Microsoft Visual Studio Solution File, Format Version 12.00
# Visual Studio Version 17
VisualStudioVersion = 17.2.32630.192
MinimumVisualStudioVersion = 10.0.40219.1
Project("{FAE04EC0-301F-11D3-BF4B-00C04F79EFBC}") = "Assignment3", "Assignment3.csproj", "{88A5FDFF-0754-43AE-A166-47BF9CFE0985}"
EndProject
Global
	GlobalSection(SolutionConfigurationPlatforms) = preSolution
		Debug|Any CPU = Debug|Any CPU
		Release|Any CPU = Release|Any CPU
	EndGlobalSection
	GlobalSection(ProjectConfigurationPlatforms) = postSolution
		{88A5FDFF-0754-43AE-A166-47BF9CFE0985}.Debug|Any CPU.ActiveCfg = Debug|Any CPU
		{88A5FDFF-0754-43AE-A166-47BF9CFE0985}.Debug|Any CPU.Build.0 = Debug|Any CPU
		{88A5FDFF-0754-43AE-A166-47BF9CFE0985}.Release|Any CPU.ActiveCfg = Release|Any CPU
		{88A5FDFF-0754-43AE-A166-47BF9CFE0985}.Release|Any CPU.Build.0 = Release|Any CPU
	EndGlobalSection
	GlobalSection(SolutionProperties) = preSolution
		HideSolutionNode = FALSE
	EndGlobalSection
	GlobalSection(ExtensibilityGlobals) = postSolution
		SolutionGuid = {E8F7A19C-5717-4C56-BDDC-1E4078494F2B}
	EndGlobalSection
EndGlobal
