
Microsoft Visual Studio Solution File, Format Version 12.00
# Visual Studio Version 17
VisualStudioVersion = 17.2.32630.192
MinimumVisualStudioVersion = 10.0.40219.1
Project("{FAE04EC0-301F-11D3-BF4B-00C04F79EFBC}") = "Collection_Generic_Assignment", "Collection_Generic_Assignment.csproj", "{971A28A2-1409-4531-9CD2-A32BAD67D1E6}"
EndProject
Global
	GlobalSection(SolutionConfigurationPlatforms) = preSolution
		Debug|Any CPU = Debug|Any CPU
		Release|Any CPU = Release|Any CPU
	EndGlobalSection
	GlobalSection(ProjectConfigurationPlatforms) = postSolution
		{971A28A2-1409-4531-9CD2-A32BAD67D1E6}.Debug|Any CPU.ActiveCfg = Debug|Any CPU
		{971A28A2-1409-4531-9CD2-A32BAD67D1E6}.Debug|Any CPU.Build.0 = Debug|Any CPU
		{971A28A2-1409-4531-9CD2-A32BAD67D1E6}.Release|Any CPU.ActiveCfg = Release|Any CPU
		{971A28A2-1409-4531-9CD2-A32BAD67D1E6}.Release|Any CPU.Build.0 = Release|Any CPU
	EndGlobalSection
	GlobalSection(SolutionProperties) = preSolution
		HideSolutionNode = FALSE
	EndGlobalSection
	GlobalSection(ExtensibilityGlobals) = postSolution
		SolutionGuid = {16D7E6D1-53F8-4456-A4F5-35F9EA1BC604}
	EndGlobalSection
EndGlobal
